{
    "name": "vscode-re0",
    "version": "0.0.0",
    "lockfileVersion": 3,
    "requires": true,
    "packages": {
        "": {
            "name": "vscode-re0",
            "version": "0.0.0",
            "devDependencies": {
                "@types/node": "^11.13.6"
            },
            "engines": {
                "vscode": "^1.8.0"
            }
        },
        "node_modules/@types/node": {
            "version": "11.15.54",
            "resolved": "https://registry.npmjs.org/@types/node/-/node-11.15.54.tgz",
            "integrity": "sha512-1RWYiq+5UfozGsU6MwJyFX6BtktcT10XRjvcAQmskCtMcW3tPske88lM/nHv7BQG1w9KBXI1zPGuu5PnNCX14g==",
            "dev": true
        }
    }
}
